
Microsoft Visual Studio Solution File, Format Version 12.00
# Visual Studio 15
VisualStudioVersion = 15.0.27428.2015
MinimumVisualStudioVersion = 10.0.40219.1
Project("{FAE04EC0-301F-11D3-BF4B-00C04F79EFBC}") = "Jwell.SSO", "Jwell.SSO\Jwell.SSO.csproj", "{1154B898-6A08-46BB-BE18-7048C2D491BD}"
EndProject
Project("{FAE04EC0-301F-11D3-BF4B-00C04F79EFBC}") = "Jwell.Framework", "Jwell.Framework\Jwell.Framework.csproj", "{96A3592A-2C63-4D94-851C-96A561C73651}"
EndProject
Project("{FAE04EC0-301F-11D3-BF4B-00C04F79EFBC}") = "Jwell.Modules.EntityFramework", "Jwell.Modules.EntityFramework\Jwell.Modules.EntityFramework.csproj", "{2DECB60C-B7D8-47F2-9361-5D156E307E0D}"
EndProject
Project("{FAE04EC0-301F-11D3-BF4B-00C04F79EFBC}") = "Jwell.Application", "Jwell.Application\Jwell.Application.csproj", "{4B0253E9-68B8-46D5-B5F9-56B4888209AA}"
EndProject
Project("{FAE04EC0-301F-11D3-BF4B-00C04F79EFBC}") = "Jwell.Domain", "Jwell.Core\Jwell.Domain.csproj", "{A95FA757-B403-423C-9911-C34DDCA8AABF}"
EndProject
Project("{FAE04EC0-301F-11D3-BF4B-00C04F79EFBC}") = "Jwell.Repository", "Jwell.Infrastructure\Jwell.Repository.csproj", "{33AD5111-95A4-46A0-80C3-3BDA1114A497}"
EndProject
Project("{2150E333-8FDC-42A3-9474-1A3956D46DE8}") = "00_Web", "00_Web", "{B47535A5-8EAB-4CFC-AC87-A38AAF681B04}"
EndProject
Project("{2150E333-8FDC-42A3-9474-1A3956D46DE8}") = "01_Service", "01_Service", "{EF4AAA96-E5D4-4128-B5DA-8D15ED76C9AE}"
EndProject
Project("{2150E333-8FDC-42A3-9474-1A3956D46DE8}") = "03_Repository", "03_Repository", "{07CAA78B-E26A-45FE-AD00-9E6E8F9BA1A7}"
EndProject
Project("{2150E333-8FDC-42A3-9474-1A3956D46DE8}") = "02_Domain", "02_Domain", "{3AC398B7-B65B-40FB-A095-33637D4F71E9}"
EndProject
Project("{2150E333-8FDC-42A3-9474-1A3956D46DE8}") = "05_Modules", "05_Modules", "{15109227-9ADF-4571-9627-5E9818F4736D}"
EndProject
Project("{2150E333-8FDC-42A3-9474-1A3956D46DE8}") = "06_Framework", "06_Framework", "{8CDF8F68-FAA0-416A-87E1-BB4E6E53F79E}"
EndProject
Project("{FAE04EC0-301F-11D3-BF4B-00C04F79EFBC}") = "Jwell.Modules.MVC", "Jwell.Modules.MVC\Jwell.Modules.MVC.csproj", "{3C17F9F5-EF6A-479F-A3FD-3ED409F4FE68}"
EndProject
Project("{FAE04EC0-301F-11D3-BF4B-00C04F79EFBC}") = "Jwell.Modules.Logger", "Jwell.Modules.Logger\Jwell.Modules.Logger.csproj", "{E8788D5D-6732-4388-B412-641F308CA8C5}"
EndProject
Project("{FAE04EC0-301F-11D3-BF4B-00C04F79EFBC}") = "Jwell.Modules.Configure", "Jwell.Module.Configure\Jwell.Modules.Configure.csproj", "{44D7DBE0-CBF6-47A9-A5E0-E5D3E6B04238}"
EndProject
Project("{FAE04EC0-301F-11D3-BF4B-00C04F79EFBC}") = "Jwell.Modules.WebApi", "Jwell.Module.WebApi\Jwell.Modules.WebApi.csproj", "{7BE98F2D-961D-46B1-806F-AF7896453ACA}"
EndProject
Project("{2150E333-8FDC-42A3-9474-1A3956D46DE8}") = "04_.Integration", "04_.Integration", "{A2F90359-F618-44FC-9F9A-C3C7AC49CD26}"
EndProject
Project("{FAE04EC0-301F-11D3-BF4B-00C04F79EFBC}") = "Jwell.Integration", "Jwell.Integration\Jwell.Integration.csproj", "{99F2C92A-FB51-4C14-8235-3E7825F638C9}"
EndProject
Project("{FAE04EC0-301F-11D3-BF4B-00C04F79EFBC}") = "Jwell.Modules.DSFClient", "Jwell.Modules.DSFClient\Jwell.Modules.DSFClient.csproj", "{984D2EEE-15B4-48DA-8C39-9EFB76AEEAB4}"
EndProject
Project("{FAE04EC0-301F-11D3-BF4B-00C04F79EFBC}") = "Jwell.Modules.Dapper", "Jwell.Modules.Dapper\Jwell.Modules.Dapper.csproj", "{281DCFAF-269D-4607-86E1-1CA8C03292DB}"
EndProject
Project("{FAE04EC0-301F-11D3-BF4B-00C04F79EFBC}") = "Jwell.Modules.Cache", "Jwell.Modules.Cache\Jwell.Modules.Cache.csproj", "{44B49CD0-98BD-4284-AF33-EE7432AC986C}"
EndProject
Project("{FAE04EC0-301F-11D3-BF4B-00C04F79EFBC}") = "Jwell.Modules.Session", "Jwell.Modules.Session\Jwell.Modules.Session.csproj", "{802F249F-3653-48F6-8951-735D1E89FC0F}"
EndProject
Global
	GlobalSection(SolutionConfigurationPlatforms) = preSolution
		Debug|Any CPU = Debug|Any CPU
		Release|Any CPU = Release|Any CPU
	EndGlobalSection
	GlobalSection(ProjectConfigurationPlatforms) = postSolution
		{1154B898-6A08-46BB-BE18-7048C2D491BD}.Debug|Any CPU.ActiveCfg = Debug|Any CPU
		{1154B898-6A08-46BB-BE18-7048C2D491BD}.Debug|Any CPU.Build.0 = Debug|Any CPU
		{1154B898-6A08-46BB-BE18-7048C2D491BD}.Release|Any CPU.ActiveCfg = Release|Any CPU
		{1154B898-6A08-46BB-BE18-7048C2D491BD}.Release|Any CPU.Build.0 = Release|Any CPU
		{96A3592A-2C63-4D94-851C-96A561C73651}.Debug|Any CPU.ActiveCfg = Debug|Any CPU
		{96A3592A-2C63-4D94-851C-96A561C73651}.Debug|Any CPU.Build.0 = Debug|Any CPU
		{96A3592A-2C63-4D94-851C-96A561C73651}.Release|Any CPU.ActiveCfg = Release|Any CPU
		{96A3592A-2C63-4D94-851C-96A561C73651}.Release|Any CPU.Build.0 = Release|Any CPU
		{2DECB60C-B7D8-47F2-9361-5D156E307E0D}.Debug|Any CPU.ActiveCfg = Debug|Any CPU
		{2DECB60C-B7D8-47F2-9361-5D156E307E0D}.Debug|Any CPU.Build.0 = Debug|Any CPU
		{2DECB60C-B7D8-47F2-9361-5D156E307E0D}.Release|Any CPU.ActiveCfg = Release|Any CPU
		{2DECB60C-B7D8-47F2-9361-5D156E307E0D}.Release|Any CPU.Build.0 = Release|Any CPU
		{4B0253E9-68B8-46D5-B5F9-56B4888209AA}.Debug|Any CPU.ActiveCfg = Debug|Any CPU
		{4B0253E9-68B8-46D5-B5F9-56B4888209AA}.Debug|Any CPU.Build.0 = Debug|Any CPU
		{4B0253E9-68B8-46D5-B5F9-56B4888209AA}.Release|Any CPU.ActiveCfg = Release|Any CPU
		{4B0253E9-68B8-46D5-B5F9-56B4888209AA}.Release|Any CPU.Build.0 = Release|Any CPU
		{A95FA757-B403-423C-9911-C34DDCA8AABF}.Debug|Any CPU.ActiveCfg = Debug|Any CPU
		{A95FA757-B403-423C-9911-C34DDCA8AABF}.Debug|Any CPU.Build.0 = Debug|Any CPU
		{A95FA757-B403-423C-9911-C34DDCA8AABF}.Release|Any CPU.ActiveCfg = Release|Any CPU
		{A95FA757-B403-423C-9911-C34DDCA8AABF}.Release|Any CPU.Build.0 = Release|Any CPU
		{33AD5111-95A4-46A0-80C3-3BDA1114A497}.Debug|Any CPU.ActiveCfg = Debug|Any CPU
		{33AD5111-95A4-46A0-80C3-3BDA1114A497}.Debug|Any CPU.Build.0 = Debug|Any CPU
		{33AD5111-95A4-46A0-80C3-3BDA1114A497}.Release|Any CPU.ActiveCfg = Release|Any CPU
		{33AD5111-95A4-46A0-80C3-3BDA1114A497}.Release|Any CPU.Build.0 = Release|Any CPU
		{3C17F9F5-EF6A-479F-A3FD-3ED409F4FE68}.Debug|Any CPU.ActiveCfg = Debug|Any CPU
		{3C17F9F5-EF6A-479F-A3FD-3ED409F4FE68}.Debug|Any CPU.Build.0 = Debug|Any CPU
		{3C17F9F5-EF6A-479F-A3FD-3ED409F4FE68}.Release|Any CPU.ActiveCfg = Release|Any CPU
		{3C17F9F5-EF6A-479F-A3FD-3ED409F4FE68}.Release|Any CPU.Build.0 = Release|Any CPU
		{E8788D5D-6732-4388-B412-641F308CA8C5}.Debug|Any CPU.ActiveCfg = Debug|Any CPU
		{E8788D5D-6732-4388-B412-641F308CA8C5}.Debug|Any CPU.Build.0 = Debug|Any CPU
		{E8788D5D-6732-4388-B412-641F308CA8C5}.Release|Any CPU.ActiveCfg = Release|Any CPU
		{E8788D5D-6732-4388-B412-641F308CA8C5}.Release|Any CPU.Build.0 = Release|Any CPU
		{44D7DBE0-CBF6-47A9-A5E0-E5D3E6B04238}.Debug|Any CPU.ActiveCfg = Debug|Any CPU
		{44D7DBE0-CBF6-47A9-A5E0-E5D3E6B04238}.Debug|Any CPU.Build.0 = Debug|Any CPU
		{44D7DBE0-CBF6-47A9-A5E0-E5D3E6B04238}.Release|Any CPU.ActiveCfg = Release|Any CPU
		{44D7DBE0-CBF6-47A9-A5E0-E5D3E6B04238}.Release|Any CPU.Build.0 = Release|Any CPU
		{7BE98F2D-961D-46B1-806F-AF7896453ACA}.Debug|Any CPU.ActiveCfg = Debug|Any CPU
		{7BE98F2D-961D-46B1-806F-AF7896453ACA}.Debug|Any CPU.Build.0 = Debug|Any CPU
		{7BE98F2D-961D-46B1-806F-AF7896453ACA}.Release|Any CPU.ActiveCfg = Release|Any CPU
		{7BE98F2D-961D-46B1-806F-AF7896453ACA}.Release|Any CPU.Build.0 = Release|Any CPU
		{99F2C92A-FB51-4C14-8235-3E7825F638C9}.Debug|Any CPU.ActiveCfg = Debug|Any CPU
		{99F2C92A-FB51-4C14-8235-3E7825F638C9}.Debug|Any CPU.Build.0 = Debug|Any CPU
		{99F2C92A-FB51-4C14-8235-3E7825F638C9}.Release|Any CPU.ActiveCfg = Release|Any CPU
		{99F2C92A-FB51-4C14-8235-3E7825F638C9}.Release|Any CPU.Build.0 = Release|Any CPU
		{984D2EEE-15B4-48DA-8C39-9EFB76AEEAB4}.Debug|Any CPU.ActiveCfg = Debug|Any CPU
		{984D2EEE-15B4-48DA-8C39-9EFB76AEEAB4}.Debug|Any CPU.Build.0 = Debug|Any CPU
		{984D2EEE-15B4-48DA-8C39-9EFB76AEEAB4}.Release|Any CPU.ActiveCfg = Release|Any CPU
		{984D2EEE-15B4-48DA-8C39-9EFB76AEEAB4}.Release|Any CPU.Build.0 = Release|Any CPU
		{281DCFAF-269D-4607-86E1-1CA8C03292DB}.Debug|Any CPU.ActiveCfg = Debug|Any CPU
		{281DCFAF-269D-4607-86E1-1CA8C03292DB}.Debug|Any CPU.Build.0 = Debug|Any CPU
		{281DCFAF-269D-4607-86E1-1CA8C03292DB}.Release|Any CPU.ActiveCfg = Release|Any CPU
		{281DCFAF-269D-4607-86E1-1CA8C03292DB}.Release|Any CPU.Build.0 = Release|Any CPU
		{44B49CD0-98BD-4284-AF33-EE7432AC986C}.Debug|Any CPU.ActiveCfg = Debug|Any CPU
		{44B49CD0-98BD-4284-AF33-EE7432AC986C}.Debug|Any CPU.Build.0 = Debug|Any CPU
		{44B49CD0-98BD-4284-AF33-EE7432AC986C}.Release|Any CPU.ActiveCfg = Release|Any CPU
		{44B49CD0-98BD-4284-AF33-EE7432AC986C}.Release|Any CPU.Build.0 = Release|Any CPU
		{802F249F-3653-48F6-8951-735D1E89FC0F}.Debug|Any CPU.ActiveCfg = Debug|Any CPU
		{802F249F-3653-48F6-8951-735D1E89FC0F}.Debug|Any CPU.Build.0 = Debug|Any CPU
		{802F249F-3653-48F6-8951-735D1E89FC0F}.Release|Any CPU.ActiveCfg = Release|Any CPU
		{802F249F-3653-48F6-8951-735D1E89FC0F}.Release|Any CPU.Build.0 = Release|Any CPU
	EndGlobalSection
	GlobalSection(SolutionProperties) = preSolution
		HideSolutionNode = FALSE
	EndGlobalSection
	GlobalSection(NestedProjects) = preSolution
		{1154B898-6A08-46BB-BE18-7048C2D491BD} = {B47535A5-8EAB-4CFC-AC87-A38AAF681B04}
		{96A3592A-2C63-4D94-851C-96A561C73651} = {8CDF8F68-FAA0-416A-87E1-BB4E6E53F79E}
		{2DECB60C-B7D8-47F2-9361-5D156E307E0D} = {15109227-9ADF-4571-9627-5E9818F4736D}
		{4B0253E9-68B8-46D5-B5F9-56B4888209AA} = {EF4AAA96-E5D4-4128-B5DA-8D15ED76C9AE}
		{A95FA757-B403-423C-9911-C34DDCA8AABF} = {3AC398B7-B65B-40FB-A095-33637D4F71E9}
		{33AD5111-95A4-46A0-80C3-3BDA1114A497} = {07CAA78B-E26A-45FE-AD00-9E6E8F9BA1A7}
		{3C17F9F5-EF6A-479F-A3FD-3ED409F4FE68} = {15109227-9ADF-4571-9627-5E9818F4736D}
		{E8788D5D-6732-4388-B412-641F308CA8C5} = {15109227-9ADF-4571-9627-5E9818F4736D}
		{44D7DBE0-CBF6-47A9-A5E0-E5D3E6B04238} = {15109227-9ADF-4571-9627-5E9818F4736D}
		{7BE98F2D-961D-46B1-806F-AF7896453ACA} = {15109227-9ADF-4571-9627-5E9818F4736D}
		{99F2C92A-FB51-4C14-8235-3E7825F638C9} = {A2F90359-F618-44FC-9F9A-C3C7AC49CD26}
		{984D2EEE-15B4-48DA-8C39-9EFB76AEEAB4} = {15109227-9ADF-4571-9627-5E9818F4736D}
		{281DCFAF-269D-4607-86E1-1CA8C03292DB} = {15109227-9ADF-4571-9627-5E9818F4736D}
		{44B49CD0-98BD-4284-AF33-EE7432AC986C} = {15109227-9ADF-4571-9627-5E9818F4736D}
		{802F249F-3653-48F6-8951-735D1E89FC0F} = {15109227-9ADF-4571-9627-5E9818F4736D}
	EndGlobalSection
	GlobalSection(ExtensibilityGlobals) = postSolution
		SolutionGuid = {F1228570-5E65-43B5-9A41-264595B12F1C}
	EndGlobalSection
EndGlobal
